
Microsoft Visual Studio Solution File, Format Version 12.00
# Visual Studio 15
VisualStudioVersion = 15.0.26730.10
MinimumVisualStudioVersion = 10.0.40219.1
Project("{FAE04EC0-301F-11D3-BF4B-00C04F79EFBC}") = "Messages", "Messages\Messages.csproj", "{19418AA7-8717-41BB-B186-28EAA7CBDE6A}"
EndProject
Project("{FAE04EC0-301F-11D3-BF4B-00C04F79EFBC}") = "TopicBasedPublisher", "TopicBasedPublisher\TopicBasedPublisher.csproj", "{BA3530AC-D68D-499B-92A2-4712BA3358F4}"
EndProject
Project("{FAE04EC0-301F-11D3-BF4B-00C04F79EFBC}") = "TopicBasedSubscriber", "TopicBasedSubscriber\TopicBasedSubscriber.csproj", "{4FC3DC3F-5A8D-4D95-86F2-EC4630390109}"
EndProject
Global
	GlobalSection(SolutionConfigurationPlatforms) = preSolution
		Debug|Any CPU = Debug|Any CPU
		Release|Any CPU = Release|Any CPU
	EndGlobalSection
	GlobalSection(ProjectConfigurationPlatforms) = postSolution
		{19418AA7-8717-41BB-B186-28EAA7CBDE6A}.Debug|Any CPU.ActiveCfg = Debug|Any CPU
		{19418AA7-8717-41BB-B186-28EAA7CBDE6A}.Debug|Any CPU.Build.0 = Debug|Any CPU
		{19418AA7-8717-41BB-B186-28EAA7CBDE6A}.Release|Any CPU.ActiveCfg = Release|Any CPU
		{19418AA7-8717-41BB-B186-28EAA7CBDE6A}.Release|Any CPU.Build.0 = Release|Any CPU
		{BA3530AC-D68D-499B-92A2-4712BA3358F4}.Debug|Any CPU.ActiveCfg = Debug|Any CPU
		{BA3530AC-D68D-499B-92A2-4712BA3358F4}.Debug|Any CPU.Build.0 = Debug|Any CPU
		{BA3530AC-D68D-499B-92A2-4712BA3358F4}.Release|Any CPU.ActiveCfg = Release|Any CPU
		{BA3530AC-D68D-499B-92A2-4712BA3358F4}.Release|Any CPU.Build.0 = Release|Any CPU
		{4FC3DC3F-5A8D-4D95-86F2-EC4630390109}.Debug|Any CPU.ActiveCfg = Debug|Any CPU
		{4FC3DC3F-5A8D-4D95-86F2-EC4630390109}.Debug|Any CPU.Build.0 = Debug|Any CPU
		{4FC3DC3F-5A8D-4D95-86F2-EC4630390109}.Release|Any CPU.ActiveCfg = Release|Any CPU
		{4FC3DC3F-5A8D-4D95-86F2-EC4630390109}.Release|Any CPU.Build.0 = Release|Any CPU
	EndGlobalSection
	GlobalSection(SolutionProperties) = preSolution
		HideSolutionNode = FALSE
	EndGlobalSection
	GlobalSection(ExtensibilityGlobals) = postSolution
		SolutionGuid = {C916551F-64DE-489B-8272-E9386C4480E2}
	EndGlobalSection
EndGlobal
